
Microsoft Visual Studio Solution File, Format Version 12.00
# Visual Studio 15
Project("{FAE04EC0-301F-11D3-BF4B-00C04F79EFBC}") = "Assembly-CSharp", "Assembly-CSharp.csproj", "{D95A07E5-8891-B8A4-27EA-7CF2AC9D61FA}"
EndProject
Global
	GlobalSection(SolutionConfigurationPlatforms) = preSolution
		Debug|Any CPU = Debug|Any CPU
		Release|Any CPU = Release|Any CPU
	EndGlobalSection
	GlobalSection(ProjectConfigurationPlatforms) = postSolution
		{D95A07E5-8891-B8A4-27EA-7CF2AC9D61FA}.Debug|Any CPU.ActiveCfg = Debug|Any CPU
		{D95A07E5-8891-B8A4-27EA-7CF2AC9D61FA}.Debug|Any CPU.Build.0 = Debug|Any CPU
		{D95A07E5-8891-B8A4-27EA-7CF2AC9D61FA}.Release|Any CPU.ActiveCfg = Release|Any CPU
		{D95A07E5-8891-B8A4-27EA-7CF2AC9D61FA}.Release|Any CPU.Build.0 = Release|Any CPU
	EndGlobalSection
	GlobalSection(SolutionProperties) = preSolution
		HideSolutionNode = FALSE
	EndGlobalSection
EndGlobal
